{
  "originHash" : "a37259eb2c0587c777db279bd4d017e17ff5a9fbe8802f60c7d481389267e0b3",
  "pins" : [
    {
      "identity" : "cachedasyncimage991",
      "kind" : "remoteSourceControl",
      "location" : "https://github.com/OlegEremenko991/CachedAsyncImage991",
      "state" : {
        "revision" : "12bda834918a32f4eb52af5bfe4aedac0284390d",
        "version" : "1.4.0"
      }
    }
  ],
  "version" : 3
}
